
Microsoft Visual Studio Solution File, Format Version 12.00
# Visual Studio 14
VisualStudioVersion = 14.0.25420.1
MinimumVisualStudioVersion = 10.0.40219.1
Project("{A07B5EB6-E848-4116-A8D0-A826331D98C6}") = "FabricWCF", "FabricWCF\FabricWCF.sfproj", "{54202CC4-41D2-4D8A-AED4-2595E0700FF9}"
EndProject
Project("{FAE04EC0-301F-11D3-BF4B-00C04F79EFBC}") = "CoreService", "CoreService\CoreService.csproj", "{D7D8FFF9-AB4C-4018-AAC6-085B7D5E84E6}"
EndProject
Project("{FAE04EC0-301F-11D3-BF4B-00C04F79EFBC}") = "FabricWCF.Common", "Contracts\FabricWCF.Common.csproj", "{682DB3F1-DBE6-4CD1-AD01-3B9DA544A375}"
EndProject
Project("{FAE04EC0-301F-11D3-BF4B-00C04F79EFBC}") = "IoC", "IoC\IoC.csproj", "{F4530076-D607-4BB5-973E-5E0AC2587AD2}"
EndProject
Project("{2150E333-8FDC-42A3-9474-1A3956D46DE8}") = "Common", "Common", "{9FBBD24E-EB69-44B1-86DC-6790A93D126F}"
EndProject
Project("{FAE04EC0-301F-11D3-BF4B-00C04F79EFBC}") = "Reader.UI", "Reader.UI\Reader.UI.csproj", "{61C9802F-0FBF-4435-8739-A7ED2088B63B}"
EndProject
Project("{FAE04EC0-301F-11D3-BF4B-00C04F79EFBC}") = "Reader.ViewModels", "Reader.ViewModels\Reader.ViewModels.csproj", "{D964EC96-AA5C-4E17-9152-A992C0A2F8F7}"
EndProject
Project("{2150E333-8FDC-42A3-9474-1A3956D46DE8}") = "Application UX", "Application UX", "{29BB3AFA-4AC5-44DC-80AE-4A62C5F9D149}"
EndProject
Project("{FAE04EC0-301F-11D3-BF4B-00C04F79EFBC}") = "Reader.ServiceClient", "Reader.ServiceClient\Reader.ServiceClient.csproj", "{E8DE036D-DB34-4D05-BD64-5E1A5F8ACF1B}"
EndProject
Project("{FAE04EC0-301F-11D3-BF4B-00C04F79EFBC}") = "Reader.Controls", "Reader.Controls\Reader.Controls.csproj", "{F7A2BECA-C3D4-4348-B8B2-7BE82407A377}"
EndProject
Project("{2150E333-8FDC-42A3-9474-1A3956D46DE8}") = "Fabric Applications", "Fabric Applications", "{DAAF752C-D0C3-4BBB-8AAA-1CD458EC7A48}"
EndProject
Global
	GlobalSection(SolutionConfigurationPlatforms) = preSolution
		Debug|Any CPU = Debug|Any CPU
		Debug|x64 = Debug|x64
		Release|Any CPU = Release|Any CPU
		Release|x64 = Release|x64
	EndGlobalSection
	GlobalSection(ProjectConfigurationPlatforms) = postSolution
		{54202CC4-41D2-4D8A-AED4-2595E0700FF9}.Debug|Any CPU.ActiveCfg = Debug|x64
		{54202CC4-41D2-4D8A-AED4-2595E0700FF9}.Debug|x64.ActiveCfg = Debug|x64
		{54202CC4-41D2-4D8A-AED4-2595E0700FF9}.Debug|x64.Build.0 = Debug|x64
		{54202CC4-41D2-4D8A-AED4-2595E0700FF9}.Debug|x64.Deploy.0 = Debug|x64
		{54202CC4-41D2-4D8A-AED4-2595E0700FF9}.Release|Any CPU.ActiveCfg = Release|x64
		{54202CC4-41D2-4D8A-AED4-2595E0700FF9}.Release|x64.ActiveCfg = Release|x64
		{54202CC4-41D2-4D8A-AED4-2595E0700FF9}.Release|x64.Build.0 = Release|x64
		{54202CC4-41D2-4D8A-AED4-2595E0700FF9}.Release|x64.Deploy.0 = Release|x64
		{D7D8FFF9-AB4C-4018-AAC6-085B7D5E84E6}.Debug|Any CPU.ActiveCfg = Debug|x64
		{D7D8FFF9-AB4C-4018-AAC6-085B7D5E84E6}.Debug|x64.ActiveCfg = Debug|x64
		{D7D8FFF9-AB4C-4018-AAC6-085B7D5E84E6}.Debug|x64.Build.0 = Debug|x64
		{D7D8FFF9-AB4C-4018-AAC6-085B7D5E84E6}.Release|Any CPU.ActiveCfg = Release|x64
		{D7D8FFF9-AB4C-4018-AAC6-085B7D5E84E6}.Release|x64.ActiveCfg = Release|x64
		{D7D8FFF9-AB4C-4018-AAC6-085B7D5E84E6}.Release|x64.Build.0 = Release|x64
		{682DB3F1-DBE6-4CD1-AD01-3B9DA544A375}.Debug|Any CPU.ActiveCfg = Debug|Any CPU
		{682DB3F1-DBE6-4CD1-AD01-3B9DA544A375}.Debug|Any CPU.Build.0 = Debug|Any CPU
		{682DB3F1-DBE6-4CD1-AD01-3B9DA544A375}.Debug|x64.ActiveCfg = Debug|Any CPU
		{682DB3F1-DBE6-4CD1-AD01-3B9DA544A375}.Debug|x64.Build.0 = Debug|Any CPU
		{682DB3F1-DBE6-4CD1-AD01-3B9DA544A375}.Release|Any CPU.ActiveCfg = Release|Any CPU
		{682DB3F1-DBE6-4CD1-AD01-3B9DA544A375}.Release|Any CPU.Build.0 = Release|Any CPU
		{682DB3F1-DBE6-4CD1-AD01-3B9DA544A375}.Release|x64.ActiveCfg = Release|Any CPU
		{682DB3F1-DBE6-4CD1-AD01-3B9DA544A375}.Release|x64.Build.0 = Release|Any CPU
		{F4530076-D607-4BB5-973E-5E0AC2587AD2}.Debug|Any CPU.ActiveCfg = Debug|Any CPU
		{F4530076-D607-4BB5-973E-5E0AC2587AD2}.Debug|Any CPU.Build.0 = Debug|Any CPU
		{F4530076-D607-4BB5-973E-5E0AC2587AD2}.Debug|x64.ActiveCfg = Debug|Any CPU
		{F4530076-D607-4BB5-973E-5E0AC2587AD2}.Debug|x64.Build.0 = Debug|Any CPU
		{F4530076-D607-4BB5-973E-5E0AC2587AD2}.Release|Any CPU.ActiveCfg = Release|Any CPU
		{F4530076-D607-4BB5-973E-5E0AC2587AD2}.Release|Any CPU.Build.0 = Release|Any CPU
		{F4530076-D607-4BB5-973E-5E0AC2587AD2}.Release|x64.ActiveCfg = Release|Any CPU
		{F4530076-D607-4BB5-973E-5E0AC2587AD2}.Release|x64.Build.0 = Release|Any CPU
		{61C9802F-0FBF-4435-8739-A7ED2088B63B}.Debug|Any CPU.ActiveCfg = Debug|Any CPU
		{61C9802F-0FBF-4435-8739-A7ED2088B63B}.Debug|Any CPU.Build.0 = Debug|Any CPU
		{61C9802F-0FBF-4435-8739-A7ED2088B63B}.Debug|x64.ActiveCfg = Debug|Any CPU
		{61C9802F-0FBF-4435-8739-A7ED2088B63B}.Debug|x64.Build.0 = Debug|Any CPU
		{61C9802F-0FBF-4435-8739-A7ED2088B63B}.Release|Any CPU.ActiveCfg = Release|Any CPU
		{61C9802F-0FBF-4435-8739-A7ED2088B63B}.Release|Any CPU.Build.0 = Release|Any CPU
		{61C9802F-0FBF-4435-8739-A7ED2088B63B}.Release|x64.ActiveCfg = Release|Any CPU
		{61C9802F-0FBF-4435-8739-A7ED2088B63B}.Release|x64.Build.0 = Release|Any CPU
		{D964EC96-AA5C-4E17-9152-A992C0A2F8F7}.Debug|Any CPU.ActiveCfg = Debug|Any CPU
		{D964EC96-AA5C-4E17-9152-A992C0A2F8F7}.Debug|Any CPU.Build.0 = Debug|Any CPU
		{D964EC96-AA5C-4E17-9152-A992C0A2F8F7}.Debug|x64.ActiveCfg = Debug|Any CPU
		{D964EC96-AA5C-4E17-9152-A992C0A2F8F7}.Debug|x64.Build.0 = Debug|Any CPU
		{D964EC96-AA5C-4E17-9152-A992C0A2F8F7}.Release|Any CPU.ActiveCfg = Release|Any CPU
		{D964EC96-AA5C-4E17-9152-A992C0A2F8F7}.Release|Any CPU.Build.0 = Release|Any CPU
		{D964EC96-AA5C-4E17-9152-A992C0A2F8F7}.Release|x64.ActiveCfg = Release|Any CPU
		{D964EC96-AA5C-4E17-9152-A992C0A2F8F7}.Release|x64.Build.0 = Release|Any CPU
		{E8DE036D-DB34-4D05-BD64-5E1A5F8ACF1B}.Debug|Any CPU.ActiveCfg = Debug|Any CPU
		{E8DE036D-DB34-4D05-BD64-5E1A5F8ACF1B}.Debug|Any CPU.Build.0 = Debug|Any CPU
		{E8DE036D-DB34-4D05-BD64-5E1A5F8ACF1B}.Debug|x64.ActiveCfg = Debug|Any CPU
		{E8DE036D-DB34-4D05-BD64-5E1A5F8ACF1B}.Debug|x64.Build.0 = Debug|Any CPU
		{E8DE036D-DB34-4D05-BD64-5E1A5F8ACF1B}.Release|Any CPU.ActiveCfg = Release|Any CPU
		{E8DE036D-DB34-4D05-BD64-5E1A5F8ACF1B}.Release|Any CPU.Build.0 = Release|Any CPU
		{E8DE036D-DB34-4D05-BD64-5E1A5F8ACF1B}.Release|x64.ActiveCfg = Release|Any CPU
		{E8DE036D-DB34-4D05-BD64-5E1A5F8ACF1B}.Release|x64.Build.0 = Release|Any CPU
		{F7A2BECA-C3D4-4348-B8B2-7BE82407A377}.Debug|Any CPU.ActiveCfg = Debug|Any CPU
		{F7A2BECA-C3D4-4348-B8B2-7BE82407A377}.Debug|Any CPU.Build.0 = Debug|Any CPU
		{F7A2BECA-C3D4-4348-B8B2-7BE82407A377}.Debug|x64.ActiveCfg = Debug|Any CPU
		{F7A2BECA-C3D4-4348-B8B2-7BE82407A377}.Debug|x64.Build.0 = Debug|Any CPU
		{F7A2BECA-C3D4-4348-B8B2-7BE82407A377}.Release|Any CPU.ActiveCfg = Release|Any CPU
		{F7A2BECA-C3D4-4348-B8B2-7BE82407A377}.Release|Any CPU.Build.0 = Release|Any CPU
		{F7A2BECA-C3D4-4348-B8B2-7BE82407A377}.Release|x64.ActiveCfg = Release|Any CPU
		{F7A2BECA-C3D4-4348-B8B2-7BE82407A377}.Release|x64.Build.0 = Release|Any CPU
	EndGlobalSection
	GlobalSection(SolutionProperties) = preSolution
		HideSolutionNode = FALSE
	EndGlobalSection
	GlobalSection(NestedProjects) = preSolution
		{D7D8FFF9-AB4C-4018-AAC6-085B7D5E84E6} = {DAAF752C-D0C3-4BBB-8AAA-1CD458EC7A48}
		{682DB3F1-DBE6-4CD1-AD01-3B9DA544A375} = {9FBBD24E-EB69-44B1-86DC-6790A93D126F}
		{F4530076-D607-4BB5-973E-5E0AC2587AD2} = {9FBBD24E-EB69-44B1-86DC-6790A93D126F}
		{61C9802F-0FBF-4435-8739-A7ED2088B63B} = {29BB3AFA-4AC5-44DC-80AE-4A62C5F9D149}
		{D964EC96-AA5C-4E17-9152-A992C0A2F8F7} = {29BB3AFA-4AC5-44DC-80AE-4A62C5F9D149}
		{E8DE036D-DB34-4D05-BD64-5E1A5F8ACF1B} = {29BB3AFA-4AC5-44DC-80AE-4A62C5F9D149}
		{F7A2BECA-C3D4-4348-B8B2-7BE82407A377} = {29BB3AFA-4AC5-44DC-80AE-4A62C5F9D149}
	EndGlobalSection
EndGlobal
